
Microsoft Visual Studio Solution File, Format Version 12.00
# Visual Studio 2012
Project("{FAE04EC0-301F-11D3-BF4B-00C04F79EFBC}") = "FactoryPeople", "FactoryPeople\FactoryPeople.csproj", "{63902043-8758-4B46-A0A5-897CBA5B1C0E}"
EndProject
Project("{F088123C-0E9E-452A-89E6-6BA2F21D5CAC}") = "ModelingProject2", "ModelingProject2\ModelingProject2.modelproj", "{D74C0C6F-1D57-4218-A600-0E2766DDE381}"
EndProject
Global
	GlobalSection(SolutionConfigurationPlatforms) = preSolution
		Debug|Any CPU = Debug|Any CPU
		Release|Any CPU = Release|Any CPU
	EndGlobalSection
	GlobalSection(ProjectConfigurationPlatforms) = postSolution
		{63902043-8758-4B46-A0A5-897CBA5B1C0E}.Debug|Any CPU.ActiveCfg = Debug|Any CPU
		{63902043-8758-4B46-A0A5-897CBA5B1C0E}.Debug|Any CPU.Build.0 = Debug|Any CPU
		{63902043-8758-4B46-A0A5-897CBA5B1C0E}.Release|Any CPU.ActiveCfg = Release|Any CPU
		{63902043-8758-4B46-A0A5-897CBA5B1C0E}.Release|Any CPU.Build.0 = Release|Any CPU
		{D74C0C6F-1D57-4218-A600-0E2766DDE381}.Debug|Any CPU.ActiveCfg = Debug|Any CPU
		{D74C0C6F-1D57-4218-A600-0E2766DDE381}.Debug|Any CPU.Build.0 = Debug|Any CPU
		{D74C0C6F-1D57-4218-A600-0E2766DDE381}.Release|Any CPU.ActiveCfg = Release|Any CPU
		{D74C0C6F-1D57-4218-A600-0E2766DDE381}.Release|Any CPU.Build.0 = Release|Any CPU
	EndGlobalSection
	GlobalSection(SolutionProperties) = preSolution
		HideSolutionNode = FALSE
	EndGlobalSection
EndGlobal
